
Microsoft Visual Studio Solution File, Format Version 12.00
# Visual Studio Version 16
VisualStudioVersion = 16.0.31424.327
MinimumVisualStudioVersion = 10.0.40219.1
Project("{FAE04EC0-301F-11D3-BF4B-00C04F79EFBC}") = "MHTexTool", "MHTexTool\MHTexTool.csproj", "{23395E1C-0B2A-4D96-B100-CC5C73DC4414}"
EndProject
Global
	GlobalSection(SolutionConfigurationPlatforms) = preSolution
		Debug|Any CPU = Debug|Any CPU
		Release|Any CPU = Release|Any CPU
	EndGlobalSection
	GlobalSection(ProjectConfigurationPlatforms) = postSolution
		{23395E1C-0B2A-4D96-B100-CC5C73DC4414}.Debug|Any CPU.ActiveCfg = Debug|Any CPU
		{23395E1C-0B2A-4D96-B100-CC5C73DC4414}.Debug|Any CPU.Build.0 = Debug|Any CPU
		{23395E1C-0B2A-4D96-B100-CC5C73DC4414}.Release|Any CPU.ActiveCfg = Release|Any CPU
		{23395E1C-0B2A-4D96-B100-CC5C73DC4414}.Release|Any CPU.Build.0 = Release|Any CPU
	EndGlobalSection
	GlobalSection(SolutionProperties) = preSolution
		HideSolutionNode = FALSE
	EndGlobalSection
	GlobalSection(ExtensibilityGlobals) = postSolution
		SolutionGuid = {12582B34-31E6-43B6-8088-442BB7606764}
	EndGlobalSection
EndGlobal
